dependencies:
- name: cert-manager
  repository: https://charts.jetstack.io
  version: v1.7.1
- name: external-dns
  repository: https://charts.bitnami.com/bitnami
  version: 6.1.7
digest: sha256:50f6cbe5f5af5aefde15871b1b2c0503da3d7f4999ae91acdb2a8c172e884b32
generated: "2022-02-27T15:58:48.210986775Z"
