dependencies:
- name: cert-manager
  repository: https://charts.jetstack.io
  version: v1.11.0
- name: external-dns
  repository: https://charts.bitnami.com/bitnami
  version: 6.13.3
digest: sha256:c078f24d2d6f418310b09ada53ec8f513785a867911d64ea2df0dc2413cd7383
generated: "2023-02-17T02:34:13.423261655Z"
