dependencies:
- name: cert-manager
  repository: https://charts.jetstack.io
  version: v1.7.1
- name: external-dns
  repository: https://charts.bitnami.com/bitnami
  version: 6.2.1
digest: sha256:61e6a2014b8ae432419fde4f97e912cf4ae55cd6b7391597158bff5f24a1cbfd
generated: "2022-03-16T20:02:39.964722117Z"
