dependencies:
- name: kube-prometheus-stack
  repository: https://prometheus-community.github.io/helm-charts
  version: 40.5.0
- name: promtail
  repository: https://grafana.github.io/helm-charts
  version: 6.4.0
- name: metrics-server
  repository: https://kubernetes-sigs.github.io/metrics-server
  version: 3.8.2
digest: sha256:14bfbd7d237bba466ff2c9a36d4ebf4d83ee95d63c977a64c7f16331d1c42448
generated: "2022-10-07T11:08:59.387304463Z"
