dependencies:
- name: kube-prometheus-stack
  repository: https://prometheus-community.github.io/helm-charts
  version: 41.9.1
- name: promtail
  repository: https://grafana.github.io/helm-charts
  version: 6.5.1
- name: metrics-server
  repository: https://kubernetes-sigs.github.io/metrics-server
  version: 3.8.3
digest: sha256:b34f114241299bbace229e4808631d8008ec5ecf1f60600408cbd9deab3c7c26
generated: "2023-02-12T16:52:07.16380854Z"
