dependencies:
- name: coturn
  repository: https://savercorp.github.io/helm-charts/
  version: 0.0.1
- name: traefik
  repository: https://helm.traefik.io/traefik
  version: 16.2.0
digest: sha256:2e6add9e5d6c02de96c08eebe4d72cd1892d8194a1622daf4c856c42b28ebce7
generated: "2022-10-20T08:52:18.928802137Z"
