dependencies:
- name: coturn
  repository: https://savercorp.github.io/helm-charts/
  version: 0.0.1
- name: traefik
  repository: https://helm.traefik.io/traefik
  version: 23.2.0
digest: sha256:1425cbe4cc821f011c9a555ae58ccce2716369661098e6226c70ed28aaf35186
generated: "2023-07-27T14:10:22.422110995Z"
