dependencies:
- name: ma1sd
  repository: file://./vendor/ma1sd/
  version: 0.1.6
- name: matrix-synapse
  repository: https://ananace.gitlab.io/charts/
  version: 2.1.18
- name: element-web
  repository: https://ananace.gitlab.io/charts/
  version: 1.0.40
- name: matrix-appservice-irc
  repository: file://./vendor/matrix-appservice-irc
  version: 0.1.16
digest: sha256:ec8094a47044d306817ce65727fede04dea0c42b768aa155a986d86f333b50d2
generated: "2021-11-30T16:20:05.696576368Z"
