dependencies:
- name: ma1sd
  repository: file://./vendor/ma1sd/
  version: 0.1.6
- name: matrix-synapse
  repository: https://ananace.gitlab.io/charts/
  version: 3.2.5
- name: element-web
  repository: https://ananace.gitlab.io/charts/
  version: 1.1.43
- name: matrix-appservice-irc
  repository: file://./vendor/matrix-appservice-irc
  version: 0.1.18
digest: sha256:cfeba65b19a2df0f58f410ea1b04f33bd647a84a9440f2fb5f40442d036f7ea6
generated: "2023-04-05T22:31:02.724493-03:00"
